
Microsoft Visual Studio Solution File, Format Version 12.00
# Visual Studio Version 17
VisualStudioVersion = 17.3.32714.290
MinimumVisualStudioVersion = 10.0.40219.1
Project("{9A19103F-16F7-4668-BE54-9A1E7A4F7556}") = "Mint.UI", "Mint.UI\Mint.UI.csproj", "{E06EEE81-326B-4DC3-9363-75EBE9C203C2}"
EndProject
Project("{9A19103F-16F7-4668-BE54-9A1E7A4F7556}") = "Mint.Domain", "Mint.Domain\Mint.Domain.csproj", "{9BD29EF5-B697-4A2F-8A45-EBACE6A2EF21}"
EndProject
Project("{9A19103F-16F7-4668-BE54-9A1E7A4F7556}") = "Mint.Api", "Mint.Api\Mint.Api.csproj", "{B5415DA4-AAE4-41F9-9B6E-5414F81E99B0}"
EndProject
Project("{FAE04EC0-301F-11D3-BF4B-00C04F79EFBC}") = "Mint.Infrastructure", "Mint.Infrastructure\Mint.Infrastructure.csproj", "{8AA10D90-1F4F-4CC4-BD71-820789AD3E22}"
EndProject
Project("{FAE04EC0-301F-11D3-BF4B-00C04F79EFBC}") = "Mint.Middleware", "Mint.Middleware\Mint.Middleware.csproj", "{DAAE5AB3-D378-47B3-A444-350F63437CE0}"
EndProject
Global
	GlobalSection(SolutionConfigurationPlatforms) = preSolution
		Debug|Any CPU = Debug|Any CPU
		Release|Any CPU = Release|Any CPU
	EndGlobalSection
	GlobalSection(ProjectConfigurationPlatforms) = postSolution
		{E06EEE81-326B-4DC3-9363-75EBE9C203C2}.Debug|Any CPU.ActiveCfg = Debug|Any CPU
		{E06EEE81-326B-4DC3-9363-75EBE9C203C2}.Debug|Any CPU.Build.0 = Debug|Any CPU
		{E06EEE81-326B-4DC3-9363-75EBE9C203C2}.Release|Any CPU.ActiveCfg = Release|Any CPU
		{E06EEE81-326B-4DC3-9363-75EBE9C203C2}.Release|Any CPU.Build.0 = Release|Any CPU
		{9BD29EF5-B697-4A2F-8A45-EBACE6A2EF21}.Debug|Any CPU.ActiveCfg = Debug|Any CPU
		{9BD29EF5-B697-4A2F-8A45-EBACE6A2EF21}.Debug|Any CPU.Build.0 = Debug|Any CPU
		{9BD29EF5-B697-4A2F-8A45-EBACE6A2EF21}.Release|Any CPU.ActiveCfg = Release|Any CPU
		{9BD29EF5-B697-4A2F-8A45-EBACE6A2EF21}.Release|Any CPU.Build.0 = Release|Any CPU
		{B5415DA4-AAE4-41F9-9B6E-5414F81E99B0}.Debug|Any CPU.ActiveCfg = Debug|Any CPU
		{B5415DA4-AAE4-41F9-9B6E-5414F81E99B0}.Debug|Any CPU.Build.0 = Debug|Any CPU
		{B5415DA4-AAE4-41F9-9B6E-5414F81E99B0}.Release|Any CPU.ActiveCfg = Release|Any CPU
		{B5415DA4-AAE4-41F9-9B6E-5414F81E99B0}.Release|Any CPU.Build.0 = Release|Any CPU
		{8AA10D90-1F4F-4CC4-BD71-820789AD3E22}.Debug|Any CPU.ActiveCfg = Debug|Any CPU
		{8AA10D90-1F4F-4CC4-BD71-820789AD3E22}.Debug|Any CPU.Build.0 = Debug|Any CPU
		{8AA10D90-1F4F-4CC4-BD71-820789AD3E22}.Release|Any CPU.ActiveCfg = Release|Any CPU
		{8AA10D90-1F4F-4CC4-BD71-820789AD3E22}.Release|Any CPU.Build.0 = Release|Any CPU
		{DAAE5AB3-D378-47B3-A444-350F63437CE0}.Debug|Any CPU.ActiveCfg = Debug|Any CPU
		{DAAE5AB3-D378-47B3-A444-350F63437CE0}.Debug|Any CPU.Build.0 = Debug|Any CPU
		{DAAE5AB3-D378-47B3-A444-350F63437CE0}.Release|Any CPU.ActiveCfg = Release|Any CPU
		{DAAE5AB3-D378-47B3-A444-350F63437CE0}.Release|Any CPU.Build.0 = Release|Any CPU
	EndGlobalSection
	GlobalSection(SolutionProperties) = preSolution
		HideSolutionNode = FALSE
	EndGlobalSection
	GlobalSection(ExtensibilityGlobals) = postSolution
		SolutionGuid = {15D38639-FD5D-436A-A990-E81FFD499A20}
	EndGlobalSection
EndGlobal
